
Microsoft Visual Studio Solution File, Format Version 12.00
# Visual Studio Version 16
VisualStudioVersion = 16.0.29820.132
MinimumVisualStudioVersion = 10.0.40219.1
Project("{FAE04EC0-301F-11D3-BF4B-00C04F79EFBC}") = "ImageGenerator", "ImageGenerator.csproj", "{817EF2EA-1635-40BE-8243-59CEE7B502A2}"
EndProject
Global
	GlobalSection(SolutionConfigurationPlatforms) = preSolution
		Debug|Any CPU = Debug|Any CPU
		Release|Any CPU = Release|Any CPU
	EndGlobalSection
	GlobalSection(ProjectConfigurationPlatforms) = postSolution
		{817EF2EA-1635-40BE-8243-59CEE7B502A2}.Debug|Any CPU.ActiveCfg = Debug|Any CPU
		{817EF2EA-1635-40BE-8243-59CEE7B502A2}.Debug|Any CPU.Build.0 = Debug|Any CPU
		{817EF2EA-1635-40BE-8243-59CEE7B502A2}.Release|Any CPU.ActiveCfg = Release|Any CPU
		{817EF2EA-1635-40BE-8243-59CEE7B502A2}.Release|Any CPU.Build.0 = Release|Any CPU
	EndGlobalSection
	GlobalSection(SolutionProperties) = preSolution
		HideSolutionNode = FALSE
	EndGlobalSection
	GlobalSection(ExtensibilityGlobals) = postSolution
		SolutionGuid = {525D26A8-E293-4967-A76E-E232FD1F2310}
	EndGlobalSection
EndGlobal
